{
  "name": "backend",
  "lockfileVersion": 3,
  "requires": true,
  "packages": {
    "": {
      "dependencies": {
        "hanzi-writer": "^3.7.3"
      }
    },
    "node_modules/hanzi-writer": {
      "version": "3.7.3",
      "resolved": "https://registry.npmjs.org/hanzi-writer/-/hanzi-writer-3.7.3.tgz",
      "integrity": "sha512-fdOFrb1cXWL/pV/oplJkcdziCvjJzhhf+qoIBm5IpVGxPBZEu4eLB6ZG5RJDbKXyNbNlyx8oIpa3XrcUBcSXpg==",
      "license": "MIT"
    }
  }
}
